{
  "version": 2,
  "dependencies": {
    "net10.0": {
      "AspNetCore.HealthChecks.NpgSql": {
        "type": "Direct",
        "requested": "[9.0.0, )",
        "resolved": "9.0.0",
        "contentHash": "npc58/AD5zuVxERdhCl2Kb7WnL37mwX42SJcXIwvmEig0/dugOLg3SIwtfvvh3TnvTwR/sk5LYNkkPaBdks61A==",
        "dependencies": {
          "Npgsql": "8.0.3"
        }
      },
      "AspNetCore.HealthChecks.Redis": {
        "type": "Direct",
        "requested": "[9.0.0, )",
        "resolved": "9.0.0",
        "contentHash": "yNH0h8GLRbAf+PU5HNVLZ5hNeyq9mDVmRKO9xuZsme/znUYoBJlQvI0gq45gaZNlLncCHkMhR4o90MuT+gxxPw==",
        "dependencies": {
          "StackExchange.Redis": "2.7.4"
        }
      },
      "DotNet.ReproducibleBuilds": {
        "type": "Direct",
        "requested": "[2.0.5, )",
        "resolved": "2.0.5",
        "contentHash": "8LrlvI1KpjjJ4VGSqZ16yoOCKlQnYS+Y8rYNifNrscmVh5anJcF9E4e0NiDP30BHBMUbkoJ5KdcxoRWM7Pz9Aw=="
      },
      "Microsoft.CodeAnalysis.NetAnalyzers": {
        "type": "Direct",
        "requested": "[10.0.401, )",
        "resolved": "10.0.401",
        "contentHash": "qGPLk4hknvVp6j9Lowa0qykw1cK7CyEyyy2aVs4dkOGroOMHJLRsMpUT53IKvYT6q78jxv96FZhzy3BrKCPgmA=="
      },
      "Microsoft.Extensions.Diagnostics.HealthChecks.EntityFrameworkCore": {
        "type": "Direct",
        "requested": "[10.0.12, )",
        "resolved": "10.0.12",
        "contentHash": "BMG8waDSju79jJGdnOPrFrpqUv9/A+Qbg43WLmqUwMgdN26ozOK5iLXVCdaXgX71TvwEGX3HWCAGy711vGAl2Q==",
        "dependencies": {
          "Microsoft.EntityFrameworkCore.Relational": "10.0.12"
        }
      },
      "Microsoft.Extensions.Http.Resilience": {
        "type": "Direct",
        "requested": "[10.10.0, )",
        "resolved": "10.10.0",
        "contentHash": "KZw4jCU4RxHwjOXS7BUal3CnaupEJdGkJ9tPzE1Y2CR5x6IHMuxc6vNNWDiFIlnMa1TKGkta/Dfz3DQiFF1fxQ==",
        "dependencies": {
          "Microsoft.Extensions.Http.Diagnostics": "10.10.0",
          "Microsoft.Extensions.Resilience": "10.10.0"
        }
      },
      "Microsoft.Extensions.ServiceDiscovery": {
        "type": "Direct",
        "requested": "[10.10.0, )",
        "resolved": "10.10.0",
        "contentHash": "YdTl+XNxLiy8OYCFsYuSKkTGE9VyBaJlL+hlN+g9fSLwn77z37mkkdsjMnw3JhUZLd5nHotl9yQMI4s57FX1Dw==",
        "dependencies": {
          "Microsoft.Extensions.ServiceDiscovery.Abstractions": "10.10.0"
        }
      },
      "Microsoft.VisualStudio.Threading.Analyzers": {
        "type": "Direct",
        "requested": "[18.7.23, )",
        "resolved": "18.7.23",
        "contentHash": "dyj6z8m+LFjpeH69hdnciCcRCmD0YgMlvuQEywiEshjqj/blgQ+PuWX8Vd5gkWQFoBN4e+TFxx6DvGNSv/gIKg=="
      },
      "OpenTelemetry.Exporter.OpenTelemetryProtocol": {
        "type": "Direct",
        "requested": "[1.19.1, )",
        "resolved": "1.19.1",
        "contentHash": "vsYYOBf/KxNubnuoja8pjJ9LG0zCC9HAYPay+R6N5ZKZMbhNdKWbaq6JZqJqTvK+55rudiqErJySekf9ql8okA==",
        "dependencies": {
          "OpenTelemetry": "1.19.1"
        }
      },
      "OpenTelemetry.Extensions.Hosting": {
        "type": "Direct",
        "requested": "[1.19.1, )",
        "resolved": "1.19.1",
        "contentHash": "3qqZfVmW8mKA2/fRwI83o8z+yZd33KbEqRlXrlX0+3e/U7i+z0MQiCr0L3Axxa0jGdiylIrpWX4DIT9nAbJ00A==",
        "dependencies": {
          "OpenTelemetry": "1.19.1"
        }
      },
      "OpenTelemetry.Instrumentation.AspNetCore": {
        "type": "Direct",
        "requested": "[1.19.0, )",
        "resolved": "1.19.0",
        "contentHash": "reypo7g0Nzyssg1EkbfWU6W58CVFgtgkSEGrFXtbpA+bNit7HUs7587DOkOdPCgqWr3IL4f6X9B2yhnU6POrFA==",
        "dependencies": {
          "OpenTelemetry.Api.ProviderBuilderExtensions": "[1.19.0, 2.0.0)"
        }
      },
      "OpenTelemetry.Instrumentation.EntityFrameworkCore": {
        "type": "Direct",
        "requested": "[1.18.0-beta.1, )",
        "resolved": "1.18.0-beta.1",
        "contentHash": "n15cNXxkSl9G6KD41wZYmujjERYOBiIgn2VeesTFhLtHZ+QQQE3baLrCk7UyzidEw/uGObRcW3SKhqpyMpGe1w==",
        "dependencies": {
          "OpenTelemetry.Api.ProviderBuilderExtensions": "[1.18.0, 2.0.0)"
        }
      },
      "OpenTelemetry.Instrumentation.Http": {
        "type": "Direct",
        "requested": "[1.19.0, )",
        "resolved": "1.19.0",
        "contentHash": "+egJpWBRfYP3ldfexV2bmJyzOWkkOPVYikw/vUEtbUvf2exJfY3RGInXrYlubhBIH6rmNEn6sI/FmqenZJwkjw==",
        "dependencies": {
          "OpenTelemetry.Api.ProviderBuilderExtensions": "[1.19.0, 2.0.0)"
        }
      },
      "OpenTelemetry.Instrumentation.Process": {
        "type": "Direct",
        "requested": "[1.18.0-rc.1, )",
        "resolved": "1.18.0-rc.1",
        "contentHash": "kRO8RMIomcyHeHjq45ZMKKX4oLUhdnmUQmIFrC0Z6ZWWonUqEQdksQwnlXOOjDZwU1FrTRfR+Bos1R0PZChHDw==",
        "dependencies": {
          "OpenTelemetry.Api": "[1.18.0, 2.0.0)"
        }
      },
      "OpenTelemetry.Instrumentation.Runtime": {
        "type": "Direct",
        "requested": "[1.19.0, )",
        "resolved": "1.19.0",
        "contentHash": "VIH2tQ2h31j4wQyZ9Utk8ZXIyj7Z1j0xIiyPRGjYu1MmZjJtpxRh0Y/NnB6fEBimNg/WrX0jDyfMeEjPQqmaMA==",
        "dependencies": {
          "OpenTelemetry.Api": "[1.19.0, 2.0.0)"
        }
      },
      "OpenTelemetry.Instrumentation.StackExchangeRedis": {
        "type": "Direct",
        "requested": "[1.18.0-beta.1, )",
        "resolved": "1.18.0-beta.1",
        "contentHash": "V1yzV55dfe6P0UAKFaisRbuPy4rL4hbySTKWJ4hDiWfApq8O0gJbewBw6w7KpGwnmYLPasL1wVdSWwd3X/QELg==",
        "dependencies": {
          "OpenTelemetry.Api.ProviderBuilderExtensions": "[1.18.0, 2.0.0)",
          "StackExchange.Redis": "2.6.122"
        }
      },
      "OpenTelemetry.Resources.Process": {
        "type": "Direct",
        "requested": "[1.18.0-rc.1, )",
        "resolved": "1.18.0-rc.1",
        "contentHash": "KeNjSM5Op+emAXD05t56xhnv9oqmIZ2eofbwv1haNqOHp0FZNoG1VyvN4QfQWWwnBxm797TEb/7Vpf0h+gafhA==",
        "dependencies": {
          "OpenTelemetry": "[1.18.0, 2.0.0)"
        }
      },
      "Polly": {
        "type": "Direct",
        "requested": "[8.8.0, )",
        "resolved": "8.8.0",
        "contentHash": "1/jm0wQA0hjcY8OcGx2HLzj4Tx33IpmEWWPUcekt07V7VO8suAUmeDRD7VM5wy9614pJMI2M0TB1pwKVflh4CQ==",
        "dependencies": {
          "Polly.Core": "8.8.0"
        }
      },
      "Polly.Extensions": {
        "type": "Direct",
        "requested": "[8.8.0, )",
        "resolved": "8.8.0",
        "contentHash": "Xfdb9l/IcEXoWzJAMTfiWM20Cp2+/Kn/BmIEkDXwhy+DdEmdEt778xEkQsmDqXFoR15cA7aKamSHjbDQvcdUXg==",
        "dependencies": {
          "Polly.Core": "8.8.0"
        }
      },
      "Microsoft.EntityFrameworkCore.Abstractions": {
        "type": "Transitive",
        "resolved": "10.0.12",
        "contentHash": "kDrux7T6C3V/YYYe2LXr7x6AEsVyq5Y2YoTE9er1SwbDtap3z1g8RgxNh5eKQVyB4T+DKvBBJ4Ezd/VZzJQJZg=="
      },
      "Microsoft.EntityFrameworkCore.Analyzers": {
        "type": "Transitive",
        "resolved": "10.0.12",
        "contentHash": "Kd4o2oO1A6dfKxjz5LS16QyLtpCFTUiFWwmBABETAXRsSImBdRdWeKjSgbbRhAMiV3a3/nWr95ZtzClT4uaADQ=="
      },
      "Microsoft.Extensions.AmbientMetadata.Application": {
        "type": "Transitive",
        "resolved": "10.10.0",
        "contentHash": "Sa4xD2ab5yNRJYt4piS05C9b5Gpd1G3TZpvVJFgHyqLYdRThUNLcLHpREI4yjkmElCjHXoPcF+SHUim9cZ8cvQ=="
      },
      "Microsoft.Extensions.Compliance.Abstractions": {
        "type": "Transitive",
        "resolved": "10.10.0",
        "contentHash": "Sh3ujDRJpCMNY4x+43ljCROt4qBOoWfsL8l816RPYZS1S+Tw277r5002rbB15Sh6hFcCT8mGYBO7NtpfSYrQ0Q=="
      },
      "Microsoft.Extensions.DependencyInjection.AutoActivation": {
        "type": "Transitive",
        "resolved": "10.10.0",
        "contentHash": "AJ2lFnzzJkN2ZRvfPBKQ5k3EJFkhmsm1tEhWzK58KsxU+WK3GVOh/5WHUhQ56TWjnxGZCGgr0+U1QUuJ4rJVuA=="
      },
      "Microsoft.Extensions.Diagnostics.ExceptionSummarization": {
        "type": "Transitive",
        "resolved": "10.10.0",
        "contentHash": "/6C1XjuRYRXst3QUoFnQdL0Q2ZihDlxr8PQ4jei8MyjVRZEGFg+le6N90d/CdpdgIbDz/h8JIKY1psACYDhPRQ=="
      },
      "Microsoft.Extensions.Http.Diagnostics": {
        "type": "Transitive",
        "resolved": "10.10.0",
        "contentHash": "yt9uQJSwh3hJag5NSDGEyWFbPKHaYem0w17TlSgv533NP8Kn56c5si870grJWGSL7aQyeUqxfKvDZxZpFaQUhw==",
        "dependencies": {
          "Microsoft.Extensions.Telemetry": "10.10.0"
        }
      },
      "Microsoft.Extensions.Resilience": {
        "type": "Transitive",
        "resolved": "10.10.0",
        "contentHash": "aYIiuCSqsIqpaqya2JchArkaWibMhiXTNj4+wkjv0s7A/Uy1dvc4MsCPTOtvOU3ffz0+vYRHi7GHcXqynZfdbQ==",
        "dependencies": {
          "Microsoft.Extensions.Diagnostics.ExceptionSummarization": "10.10.0",
          "Microsoft.Extensions.Telemetry.Abstractions": "10.10.0",
          "Polly.Extensions": "8.4.2",
          "Polly.RateLimiting": "8.4.2"
        }
      },
      "Microsoft.Extensions.ServiceDiscovery.Abstractions": {
        "type": "Transitive",
        "resolved": "10.10.0",
        "contentHash": "4zhzINrA/ChIzU47J5EaJdVenCJvSXpcNPo7arvTXy8VrUijkjWqOksBSdoxTmlpSo1XBK/H4pKoNbNdLL4n1w=="
      },
      "Microsoft.Extensions.Telemetry": {
        "type": "Transitive",
        "resolved": "10.10.0",
        "contentHash": "GeJofTliWSVoYAeTfRbnp+TaOUl502yZIcZ+qHFiyOoAIzwTk12eKypnSR9uN2oiHgGW32Y0XN1i+VaQizl0IQ==",
        "dependencies": {
          "Microsoft.Extensions.AmbientMetadata.Application": "10.10.0",
          "Microsoft.Extensions.DependencyInjection.AutoActivation": "10.10.0",
          "Microsoft.Extensions.Telemetry.Abstractions": "10.10.0"
        }
      },
      "Microsoft.Extensions.Telemetry.Abstractions": {
        "type": "Transitive",
        "resolved": "10.10.0",
        "contentHash": "I76SAZ95I5lYh4whVZvLpKhpvHI1o21FfGqiASU85GtIVA4ULv+TVIE5+swKhnC63+xI4XjCcIWa9LbyR3pFNw==",
        "dependencies": {
          "Microsoft.Extensions.Compliance.Abstractions": "10.10.0"
        }
      },
      "OpenTelemetry": {
        "type": "Transitive",
        "resolved": "1.19.1",
        "contentHash": "6ywhc3upf+dq8EsOohj7I7zS3l4yX9vfbtFkvyEC8xIUY4Z9iDIOVuke356eCAzIZaWtmwmmyl2UXYCp5n7I3Q==",
        "dependencies": {
          "OpenTelemetry.Api.ProviderBuilderExtensions": "1.19.1"
        }
      },
      "OpenTelemetry.Api": {
        "type": "Transitive",
        "resolved": "1.19.1",
        "contentHash": "9JKIH+xrV0HNTFjQC8zrx9gZpDOMEljN5Htg/U0VE2IvO3N+7bKALCCsGy5tp09marX5dd8UkrgQFoLaulIBRw=="
      },
      "OpenTelemetry.Api.ProviderBuilderExtensions": {
        "type": "Transitive",
        "resolved": "1.19.1",
        "contentHash": "HtGe72B/IhzKqdU0a3fNE5osax/Cegwxd+p4u6lOFy20nsgmeaFuP2NRyFs1WvrOv/bpkII3IvvBkKoZXG8BLg==",
        "dependencies": {
          "OpenTelemetry.Api": "1.19.1"
        }
      },
      "Pipelines.Sockets.Unofficial": {
        "type": "Transitive",
        "resolved": "2.2.8",
        "contentHash": "zG2FApP5zxSx6OcdJQLbZDk2AVlN2BNQD6MorwIfV6gVj0RRxWPEp2LXAxqDGZqeNV1Zp0BNPcNaey/GXmTdvQ=="
      },
      "Polly.Core": {
        "type": "Transitive",
        "resolved": "8.8.0",
        "contentHash": "TewV9uNFsoRFggoFbTAGFwsMYPuckA+wTIpQPyhLL9BANRPQRENz2S4bwATrB3HBOakN5oKLFIllPiDnVecmJg=="
      },
      "Polly.RateLimiting": {
        "type": "Transitive",
        "resolved": "8.4.2",
        "contentHash": "ehTImQ/eUyO07VYW2WvwSmU9rRH200SKJ/3jku9rOkyWE0A2JxNFmAVms8dSn49QLSjmjFRRSgfNyOgr/2PSmA==",
        "dependencies": {
          "Polly.Core": "8.4.2"
        }
      },
      "Microsoft.EntityFrameworkCore": {
        "type": "CentralTransitive",
        "requested": "[10.0.12, )",
        "resolved": "10.0.12",
        "contentHash": "e7OrVN8U5yr4kuwdTHWBHGVQIVsGfMkAr0Ej1/BnrS989Q0XBVANpIzNZ2bc1GvMZ0/XwMt5InTnmKskxGy99Q==",
        "dependencies": {
          "Microsoft.EntityFrameworkCore.Abstractions": "10.0.12",
          "Microsoft.EntityFrameworkCore.Analyzers": "10.0.12"
        }
      },
      "Microsoft.EntityFrameworkCore.Relational": {
        "type": "CentralTransitive",
        "requested": "[10.0.12, )",
        "resolved": "10.0.12",
        "contentHash": "OiHmr8XzX96dbgMsYGe8qoqg4KxibdZG2r0QUVJBGktFInOp8IrABe8jvcbo5hrqeWfbwpK7fCEBiEPbY/ik4A==",
        "dependencies": {
          "Microsoft.EntityFrameworkCore": "10.0.12"
        }
      },
      "Npgsql": {
        "type": "CentralTransitive",
        "requested": "[10.0.3, )",
        "resolved": "8.0.3",
        "contentHash": "6WEmzsQJCZAlUG1pThKg/RmeF6V+I0DmBBBE/8YzpRtEzhyZzKcK7ulMANDm5CkxrALBEC8H+5plxHWtIL7xnA=="
      },
      "StackExchange.Redis": {
        "type": "CentralTransitive",
        "requested": "[3.3.1, )",
        "resolved": "2.7.4",
        "contentHash": "lD6a0lGOCyV9iuvObnzStL74EDWAyK31w6lS+Md9gIz1eP4U6KChDIflzTdtrktxlvVkeOvPtkaYOcm4qjbHSw==",
        "dependencies": {
          "Pipelines.Sockets.Unofficial": "2.2.8"
        }
      }
    }
  }
}