{
  "version": 2,
  "dependencies": {
    "net10.0": {
      "Asp.Versioning.Http": {
        "type": "Direct",
        "requested": "[10.2.3, )",
        "resolved": "10.2.3",
        "contentHash": "tx/OIyp39OP2uM57MHn8GqRSCi7+XYFU3/KqcPeiqt8rQE+oiK4bRcMXZvShtiS+SbtifqXy4zg6vr5+LPubNQ==",
        "dependencies": {
          "Asp.Versioning.Abstractions": "10.2.1"
        }
      },
      "Asp.Versioning.Mvc.ApiExplorer": {
        "type": "Direct",
        "requested": "[10.2.1, )",
        "resolved": "10.2.1",
        "contentHash": "Tv1megkpUy+3FN9yfVJKIcYMLXTe5CPs4zftBxGaZhADJe6h9CJZ2Okh5cG4PoE7wzHTef+AK++8IuZta3Ppog==",
        "dependencies": {
          "Asp.Versioning.Mvc": "10.2.1"
        }
      },
      "DotNet.ReproducibleBuilds": {
        "type": "Direct",
        "requested": "[1.2.25, )",
        "resolved": "1.2.25",
        "contentHash": "xCXiw7BCxHJ8pF6wPepRUddlh2dlQlbr81gXA72hdk4FLHkKXas7EH/n+fk5UCA/YfMqG1Z6XaPiUjDbUNBUzg=="
      },
      "Microsoft.CodeAnalysis.NetAnalyzers": {
        "type": "Direct",
        "requested": "[10.0.400, )",
        "resolved": "10.0.400",
        "contentHash": "Uogs/xCuSxYuEYAU7oUPddK3MFcT3A+FkrBcx/wVse6P4joptMAfh/H9jtIhl9IkHARCvJHFjL3jhKFs9YMktA=="
      },
      "Microsoft.VisualStudio.Threading.Analyzers": {
        "type": "Direct",
        "requested": "[17.14.15, )",
        "resolved": "17.14.15",
        "contentHash": "mXQPJsbuUD2ydq4/ffd8h8tSOFCXec+2xJOVNCvXjuMOq/+5EKHq3D2m2MC2+nUaXeFMSt66VS/J4HdKBixgcw=="
      },
      "Asp.Versioning.Abstractions": {
        "type": "Transitive",
        "resolved": "10.2.1",
        "contentHash": "jMBztsVim+rYVrkNY23dMuOjTGXGQ9+je1xb3i17KgUof7OcBZtMMDduEWoCQ52SpTlYqKsuzgJyUMCMOFCBfg=="
      },
      "netcommerce.kernel.core": {
        "type": "Project"
      },
      "Asp.Versioning.Mvc": {
        "type": "CentralTransitive",
        "requested": "[10.2.1, )",
        "resolved": "10.2.1",
        "contentHash": "fMzUraYZOAobKQn2PffrgPsULbCWFeWroYRYndPasxPsiQl1+i8x5qYRuMYZAbzDrBnymPUMBxT2gZG2PwbkcQ==",
        "dependencies": {
          "Asp.Versioning.Http": "10.2.1"
        }
      }
    }
  }
}