{
  "version": 2,
  "dependencies": {
    "net10.0": {
      "DotNet.ReproducibleBuilds": {
        "type": "Direct",
        "requested": "[2.0.5, )",
        "resolved": "2.0.5",
        "contentHash": "8LrlvI1KpjjJ4VGSqZ16yoOCKlQnYS+Y8rYNifNrscmVh5anJcF9E4e0NiDP30BHBMUbkoJ5KdcxoRWM7Pz9Aw=="
      },
      "Microsoft.CodeAnalysis.NetAnalyzers": {
        "type": "Direct",
        "requested": "[10.0.401, )",
        "resolved": "10.0.401",
        "contentHash": "qGPLk4hknvVp6j9Lowa0qykw1cK7CyEyyy2aVs4dkOGroOMHJLRsMpUT53IKvYT6q78jxv96FZhzy3BrKCPgmA=="
      },
      "Microsoft.Extensions.Diagnostics.HealthChecks": {
        "type": "Direct",
        "requested": "[10.0.12, )",
        "resolved": "10.0.12",
        "contentHash": "Ck8nkBxEYPOGtUCp0whKwfE4qAHBnsK0DY1kgZLKvzf7s9xyr4lASa4K4AKNN1VHy7r3Z1Z57U6C0TMzFjD8ig==",
        "dependencies": {
          "Microsoft.Extensions.Diagnostics.HealthChecks.Abstractions": "10.0.12",
          "Microsoft.Extensions.Hosting.Abstractions": "10.0.12",
          "Microsoft.Extensions.Logging.Abstractions": "10.0.12",
          "Microsoft.Extensions.Options": "10.0.12"
        }
      },
      "Microsoft.Extensions.Logging.Abstractions": {
        "type": "Direct",
        "requested": "[10.0.12, )",
        "resolved": "10.0.12",
        "contentHash": "+24lC4plfbEDNfLAdTV/SWKS7dW+16X4HdydO3R++134kSNTzcbYA4KpR1Hdh6uWisB8Za3AzwyOn+K+NxWIug==",
        "dependencies": {
          "Microsoft.Extensions.DependencyInjection.Abstractions": "10.0.12"
        }
      },
      "Microsoft.VisualStudio.Threading.Analyzers": {
        "type": "Direct",
        "requested": "[18.7.23, )",
        "resolved": "18.7.23",
        "contentHash": "dyj6z8m+LFjpeH69hdnciCcRCmD0YgMlvuQEywiEshjqj/blgQ+PuWX8Vd5gkWQFoBN4e+TFxx6DvGNSv/gIKg=="
      },
      "Npgsql": {
        "type": "Direct",
        "requested": "[10.0.3, )",
        "resolved": "10.0.3",
        "contentHash": "7nb5YzXuvWWJxB0J8DiyL3we+X4FOctZrt0fIBnucOIaIevFEEwGQVZKtiu9olXdlNAK1eNgqSral6r/jlhI4w==",
        "dependencies": {
          "Microsoft.Extensions.Logging.Abstractions": "10.0.0"
        }
      },
      "WolverineFx": {
        "type": "Direct",
        "requested": "[6.41.0, )",
        "resolved": "6.41.0",
        "contentHash": "mVlx3qnfK78W5f2fpQHNDKX6lG0Z2UZ936mTTH4ExHjeYsBi3TP9bzYDbjhN58/xCEQrgijCgqISB+BgYFbTYQ==",
        "dependencies": {
          "Cronos": "0.11.0",
          "JasperFx": "2.74.0",
          "JasperFx.Events": "2.74.0",
          "JasperFx.SourceGenerator": "2.74.0",
          "Microsoft.Extensions.Caching.Memory": "10.0.0",
          "Microsoft.Extensions.Configuration": "10.0.0",
          "Microsoft.Extensions.Configuration.Abstractions": "10.0.0",
          "Microsoft.Extensions.Configuration.Binder": "10.0.0",
          "Microsoft.Extensions.Configuration.Json": "10.0.0",
          "Microsoft.Extensions.Diagnostics.HealthChecks.Abstractions": "10.0.0",
          "Microsoft.Extensions.Hosting": "10.0.0",
          "Microsoft.Extensions.Hosting.Abstractions": "10.0.0",
          "Microsoft.Extensions.ObjectPool": "10.0.2",
          "NewId": "4.0.1"
        }
      },
      "WolverineFx.EntityFrameworkCore": {
        "type": "Direct",
        "requested": "[6.41.0, )",
        "resolved": "6.41.0",
        "contentHash": "AsERlAAKUgh7UFgsVJ4To/Nai6S3K0sdnpp49XnHDnoWsDLGV7KE+2pdUTj8SJ5UIvrsTgaTHtCxnhE9rEGESg==",
        "dependencies": {
          "Microsoft.EntityFrameworkCore": "10.0.4",
          "Microsoft.EntityFrameworkCore.Design": "10.0.4",
          "Microsoft.EntityFrameworkCore.Relational": "10.0.4",
          "Weasel.EntityFrameworkCore": "9.35.1",
          "WolverineFx.RDBMS": "6.41.0"
        }
      },
      "Cronos": {
        "type": "Transitive",
        "resolved": "0.11.0",
        "contentHash": "ovNrFIuKTbeNYx+1Tne8DkY/nJ+bRoS0/bTrCBzeAuMvLbX2nJprwcdRqZIwwLRsaghqBU932QvJ6mryTycc/A=="
      },
      "FastExpressionCompiler": {
        "type": "Transitive",
        "resolved": "5.4.1",
        "contentHash": "nqMykMspK5cQd35Y8ulQzAujxCcCwZVUne32pC5xNpXqrbPCuKOPMWkKHJ3LveAZPm6dsVvump0TJ1SZ9RzfTQ=="
      },
      "Humanizer.Core": {
        "type": "Transitive",
        "resolved": "2.14.1",
        "contentHash": "lQKvtaTDOXnoVJ20ibTuSIOf2i0uO0MPbDhd1jm238I+U/2ZnRENj0cktKZhtchBMtCUSRQ5v4xBCUbKNmyVMw=="
      },
      "ImTools": {
        "type": "Transitive",
        "resolved": "4.0.0",
        "contentHash": "dms0JfLKC9AQbQX/EdpRjn59EjEvaCxIgv1z9YxbEQb5SiOVoo7vlIKdEySeEwUkWhN05rZnNpUpG+aw5VqPVQ=="
      },
      "JasperFx": {
        "type": "Transitive",
        "resolved": "2.74.0",
        "contentHash": "HAQNeLQ+sz5k2lUPZSTbIqY07cKOkX10PgMwkYZG0ldDjt7q9cTcUS+5KMb+mdUGEEpm2EBPIfPOB/jhfGFVsw==",
        "dependencies": {
          "FastExpressionCompiler": "5.4.1",
          "ImTools": "4.0.0",
          "Microsoft.Bcl.TimeProvider": "10.0.0",
          "Microsoft.Extensions.DependencyInjection.Abstractions": "10.0.0",
          "Microsoft.Extensions.Diagnostics.HealthChecks.Abstractions": "10.0.0",
          "Microsoft.Extensions.Hosting": "10.0.0",
          "Microsoft.Extensions.ObjectPool": "10.0.0",
          "Polly.Core": "8.6.5",
          "Spectre.Console": "0.55.0"
        }
      },
      "JasperFx.Events": {
        "type": "Transitive",
        "resolved": "2.74.0",
        "contentHash": "q/sf/Hokbuv6FaoIewt0yf5gdU43vhln8yYF5WHF3mHIeNnaIj34MTMD/5j+QC2it4KolKH7rPP2uDkSasS8UQ==",
        "dependencies": {
          "JasperFx": "2.74.0"
        }
      },
      "JasperFx.SourceGenerator": {
        "type": "Transitive",
        "resolved": "2.74.0",
        "contentHash": "NbvpPmtnJoiP74nxDnxa+jmEh+KUezt260SBZKRzVGM2qaeqNfodVu1AgG+AptX4lK22ihAtME0ui6M0QSTz0w=="
      },
      "Microsoft.Bcl.TimeProvider": {
        "type": "Transitive",
        "resolved": "10.0.0",
        "contentHash": "bUubrBD6tRJE3V1kvRloYc6NymH3R5oFKjAS9e0ELNx6u0ZR+zjps9dDQyjgqN/rArzl7f+21KGszj3YRN7F2Q=="
      },
      "Microsoft.Build.Framework": {
        "type": "Transitive",
        "resolved": "18.0.2",
        "contentHash": "sOSb+0J4G/jCBW/YqmRuL0eOMXgfw1KQLdC9TkbvfA5xs7uNm+PBQXJCOzSJGXtZcZrtXozcwxPmUiRUbmd7FA=="
      },
      "Microsoft.CodeAnalysis.Common": {
        "type": "Transitive",
        "resolved": "5.0.0",
        "contentHash": "ZXRAdvH6GiDeHRyd3q/km8Z44RoM6FBWHd+gen/la81mVnAdHTEsEkO5J0TCNXBymAcx5UYKt5TvgKBhaLJEow==",
        "dependencies": {
          "Microsoft.CodeAnalysis.Analyzers": "3.11.0"
        }
      },
      "Microsoft.CodeAnalysis.CSharp.Workspaces": {
        "type": "Transitive",
        "resolved": "5.0.0",
        "contentHash": "Al/Q8B+yO8odSqGVpSvrShMFDvlQdIBU//F3E6Rb0YdiLSALE9wh/pvozPNnfmh5HDnvU+mkmSjpz4hQO++jaA==",
        "dependencies": {
          "Humanizer.Core": "2.14.1",
          "Microsoft.CodeAnalysis.Analyzers": "3.11.0",
          "Microsoft.CodeAnalysis.CSharp": "[5.0.0]",
          "Microsoft.CodeAnalysis.Common": "[5.0.0]",
          "Microsoft.CodeAnalysis.Workspaces.Common": "[5.0.0]",
          "System.Composition": "9.0.0"
        }
      },
      "Microsoft.CodeAnalysis.Workspaces.Common": {
        "type": "Transitive",
        "resolved": "5.0.0",
        "contentHash": "ZbUmIvT6lqTNKiv06Jl5wf0MTMi1vQ1oH7ou4CLcs2C/no/L7EhP3T8y3XXvn9VbqMcJaJnEsNA1jwYUMgc5jg==",
        "dependencies": {
          "Humanizer.Core": "2.14.1",
          "Microsoft.CodeAnalysis.Analyzers": "3.11.0",
          "Microsoft.CodeAnalysis.Common": "[5.0.0]",
          "System.Composition": "9.0.0"
        }
      },
      "Microsoft.CodeAnalysis.Workspaces.MSBuild": {
        "type": "Transitive",
        "resolved": "5.0.0",
        "contentHash": "/G+LVoAGMz6Ae8nm+PGLxSw+F5RjYx/J7irbTO5uKAPw1bxHyQJLc/YOnpDxt+EpPtYxvC9wvBsg/kETZp1F9Q==",
        "dependencies": {
          "Humanizer.Core": "2.14.1",
          "Microsoft.Build.Framework": "17.11.31",
          "Microsoft.CodeAnalysis.Analyzers": "3.11.0",
          "Microsoft.CodeAnalysis.Workspaces.Common": "[5.0.0]",
          "Microsoft.Extensions.DependencyInjection": "9.0.0",
          "Microsoft.Extensions.Logging": "9.0.0",
          "Microsoft.Extensions.Logging.Abstractions": "9.0.0",
          "Microsoft.Extensions.Options": "9.0.0",
          "Microsoft.Extensions.Primitives": "9.0.0",
          "Microsoft.VisualStudio.SolutionPersistence": "1.0.52",
          "Newtonsoft.Json": "13.0.3",
          "System.Composition": "9.0.0"
        }
      },
      "Microsoft.EntityFrameworkCore.Abstractions": {
        "type": "Transitive",
        "resolved": "10.0.4",
        "contentHash": "qDcJqCfN1XYyX0ID/Hd9/kQTRvlia8S+Yuwyl9uFhBIKnOCbl9WMdGQCzbZUKbkpkfvf3P9CDdXsnxHyE3O0Aw=="
      },
      "Microsoft.EntityFrameworkCore.Analyzers": {
        "type": "Transitive",
        "resolved": "10.0.4",
        "contentHash": "pQeMHCyD3yTtCEGnHV4VsgKUvrESo3MR5mnh8sgQ1hWYmI1YFsUutDowBIxkobeWRtaRmBqQAtF7XQFW6FWuNA=="
      },
      "Microsoft.EntityFrameworkCore.Design": {
        "type": "Transitive",
        "resolved": "10.0.4",
        "contentHash": "FmiUU5xdu1chVxnmsu/mEpCKVQ5+lvIxdP0194lE7HfoU1jO4z/9qnWZpd0kSkVve4gOnRm1lE20kkhlMqJJIg==",
        "dependencies": {
          "Humanizer.Core": "2.14.1",
          "Microsoft.Build.Framework": "18.0.2",
          "Microsoft.CodeAnalysis.CSharp": "5.0.0",
          "Microsoft.CodeAnalysis.CSharp.Workspaces": "5.0.0",
          "Microsoft.CodeAnalysis.Workspaces.MSBuild": "5.0.0",
          "Microsoft.EntityFrameworkCore.Relational": "10.0.4",
          "Microsoft.Extensions.Caching.Memory": "10.0.4",
          "Microsoft.Extensions.Configuration.Abstractions": "10.0.4",
          "Microsoft.Extensions.DependencyModel": "10.0.4",
          "Microsoft.Extensions.Logging": "10.0.4",
          "Mono.TextTemplating": "3.0.0",
          "Newtonsoft.Json": "13.0.3"
        }
      },
      "Microsoft.Extensions.Caching.Abstractions": {
        "type": "Transitive",
        "resolved": "10.0.4",
        "contentHash": "uDRooaV6N3WZ0kdlNPMB68/MdGn/in1Fs7Db7DnIm85RBTPy4P321WO+daAImiYpH5dekjNggDqy1N44WaIlMA==",
        "dependencies": {
          "Microsoft.Extensions.Primitives": "10.0.4"
        }
      },
      "Microsoft.Extensions.Caching.Memory": {
        "type": "Transitive",
        "resolved": "10.0.4",
        "contentHash": "CLLussNUMdSbyJOu4VBF7sqskHGB/5N1EcFzrqG/HsPATN8fCRUcfp0qns1VwkxKHwxrtYCh5FKe+kM81Q1PHA==",
        "dependencies": {
          "Microsoft.Extensions.Caching.Abstractions": "10.0.4",
          "Microsoft.Extensions.DependencyInjection.Abstractions": "10.0.4",
          "Microsoft.Extensions.Logging.Abstractions": "10.0.4",
          "Microsoft.Extensions.Options": "10.0.4",
          "Microsoft.Extensions.Primitives": "10.0.4"
        }
      },
      "Microsoft.Extensions.Configuration": {
        "type": "Transitive",
        "resolved": "10.0.0",
        "contentHash": "H4SWETCh/cC5L1WtWchHR6LntGk3rDTTznZMssr4cL8IbDmMWBxY+MOGDc/ASnqNolLKPIWHWeuC1ddiL/iNPw==",
        "dependencies": {
          "Microsoft.Extensions.Configuration.Abstractions": "10.0.0",
          "Microsoft.Extensions.Primitives": "10.0.0"
        }
      },
      "Microsoft.Extensions.Configuration.Binder": {
        "type": "Transitive",
        "resolved": "10.0.0",
        "contentHash": "tMF9wNh+hlyYDWB8mrFCQHQmWHlRosol1b/N2Jrefy1bFLnuTlgSYmPyHNmz8xVQgs7DpXytBRWxGhG+mSTp0g==",
        "dependencies": {
          "Microsoft.Extensions.Configuration": "10.0.0",
          "Microsoft.Extensions.Configuration.Abstractions": "10.0.0"
        }
      },
      "Microsoft.Extensions.Configuration.CommandLine": {
        "type": "Transitive",
        "resolved": "10.0.0",
        "contentHash": "CRj5clwZciVs46GMhAthkFq3+JiNM15Bz9CRlCZLBmRdggD6RwoBphRJ+EUDK2f+cZZ1L2zqVaQrn1KueoU5Kg==",
        "dependencies": {
          "Microsoft.Extensions.Configuration": "10.0.0",
          "Microsoft.Extensions.Configuration.Abstractions": "10.0.0"
        }
      },
      "Microsoft.Extensions.Configuration.EnvironmentVariables": {
        "type": "Transitive",
        "resolved": "10.0.0",
        "contentHash": "TmFegsI/uCdwMBD4yKpmO+OkjVNHQL49Dh/ep83NI5rPUEoBK9OdsJo1zURc1A2FuS/R/Pos3wsTjlyLnguBLA==",
        "dependencies": {
          "Microsoft.Extensions.Configuration": "10.0.0",
          "Microsoft.Extensions.Configuration.Abstractions": "10.0.0"
        }
      },
      "Microsoft.Extensions.Configuration.FileExtensions": {
        "type": "Transitive",
        "resolved": "10.0.0",
        "contentHash": "LqCTyF0twrG4tyEN6PpSC5ewRBDwCBazRUfCOdRddwaQ3n2S57GDDeYOlTLcbV/V2dxSSZWg5Ofr48h6BsBmxw==",
        "dependencies": {
          "Microsoft.Extensions.Configuration": "10.0.0",
          "Microsoft.Extensions.Configuration.Abstractions": "10.0.0",
          "Microsoft.Extensions.FileProviders.Abstractions": "10.0.0",
          "Microsoft.Extensions.FileProviders.Physical": "10.0.0",
          "Microsoft.Extensions.Primitives": "10.0.0"
        }
      },
      "Microsoft.Extensions.Configuration.Json": {
        "type": "Transitive",
        "resolved": "10.0.0",
        "contentHash": "BIOPTEAZoeWbHlDT9Zudu+rpecZizFwhdIFRiyZKDml7JbayXmfTXKUt+ezifsSXfBkWDdJM10oDOxo8pufEng==",
        "dependencies": {
          "Microsoft.Extensions.Configuration": "10.0.0",
          "Microsoft.Extensions.Configuration.Abstractions": "10.0.0",
          "Microsoft.Extensions.Configuration.FileExtensions": "10.0.0",
          "Microsoft.Extensions.FileProviders.Abstractions": "10.0.0"
        }
      },
      "Microsoft.Extensions.Configuration.UserSecrets": {
        "type": "Transitive",
        "resolved": "10.0.0",
        "contentHash": "B4qHB6gQ2B3I52YRohSV7wetp01BQzi8jDmrtiVm6e4l8vH5vjqwxWcR5wumGWjdBkj1asJLLsDIocdyTQSP0A==",
        "dependencies": {
          "Microsoft.Extensions.Configuration.Abstractions": "10.0.0",
          "Microsoft.Extensions.Configuration.Json": "10.0.0",
          "Microsoft.Extensions.FileProviders.Abstractions": "10.0.0",
          "Microsoft.Extensions.FileProviders.Physical": "10.0.0"
        }
      },
      "Microsoft.Extensions.DependencyInjection": {
        "type": "Transitive",
        "resolved": "10.0.4",
        "contentHash": "NkvJ8aSr3AG30yabjv7ZWwTG/wq5OElNTlNq39Ok2HSEF3TIwAc1f1xnTJlR/GuoJmEgkfT7WBO9YbSXRk41+g==",
        "dependencies": {
          "Microsoft.Extensions.DependencyInjection.Abstractions": "10.0.4"
        }
      },
      "Microsoft.Extensions.DependencyModel": {
        "type": "Transitive",
        "resolved": "10.0.4",
        "contentHash": "LiJXylfk8pk+2zsUsITkou3QTFMJ8RNJ0oKKY0Oyjt6HJctGJwPw//ZgoNO4J29zKaT+dR4/PI2jW/znRcspLg=="
      },
      "Microsoft.Extensions.Diagnostics": {
        "type": "Transitive",
        "resolved": "10.0.0",
        "contentHash": "xjkxIPgrT0mKTfBwb+CVqZnRchyZgzKIfDQOp8z+WUC6vPe3WokIf71z+hJPkH0YBUYJwa7Z/al1R087ib9oiw==",
        "dependencies": {
          "Microsoft.Extensions.Configuration": "10.0.0",
          "Microsoft.Extensions.Diagnostics.Abstractions": "10.0.0",
          "Microsoft.Extensions.Options.ConfigurationExtensions": "10.0.0"
        }
      },
      "Microsoft.Extensions.Diagnostics.Abstractions": {
        "type": "Transitive",
        "resolved": "10.0.12",
        "contentHash": "fMp91qlRlMOuHfMyp7LuAnOS+MOeWTF1obJmyFcs4nZCXu6pr+QB1AbFJcl2qpBltBrqF/Y7+Rn9IuNcSuctig==",
        "dependencies": {
          "Microsoft.Extensions.DependencyInjection.Abstractions": "10.0.12",
          "Microsoft.Extensions.Options": "10.0.12"
        }
      },
      "Microsoft.Extensions.Diagnostics.HealthChecks.Abstractions": {
        "type": "Transitive",
        "resolved": "10.0.12",
        "contentHash": "oN4AYFq+50m7a65GgRxRqjdynWS6kVQAH6gHKRTfsrLP/aH7RvxIQ7139fjbnrxBwzfZQtZRhlcjvEIiRzihrg=="
      },
      "Microsoft.Extensions.FileProviders.Abstractions": {
        "type": "Transitive",
        "resolved": "10.0.12",
        "contentHash": "iQseV6HixWzEYQH4i++84ToIroXnM5jC1TJF4EqBz3lWNG1HBTMYDLkRb6Wm3wk5V6WqSfl7NukO/LYsloGyfg==",
        "dependencies": {
          "Microsoft.Extensions.Primitives": "10.0.12"
        }
      },
      "Microsoft.Extensions.FileProviders.Physical": {
        "type": "Transitive",
        "resolved": "10.0.0",
        "contentHash": "UZUQ74lQMmvcprlG8w+XpxBbyRDQqfb7GAnccITw32hdkUBlmm9yNC4xl4aR9YjgV3ounZcub194sdmLSfBmPA==",
        "dependencies": {
          "Microsoft.Extensions.FileProviders.Abstractions": "10.0.0",
          "Microsoft.Extensions.FileSystemGlobbing": "10.0.0",
          "Microsoft.Extensions.Primitives": "10.0.0"
        }
      },
      "Microsoft.Extensions.FileSystemGlobbing": {
        "type": "Transitive",
        "resolved": "10.0.0",
        "contentHash": "5hfVl/e+bx1px2UkN+1xXhd3hu7Ui6ENItBzckFaRDQXfr+SHT/7qrCDrlQekCF/PBtEu2vtk87U2+gDEF8EhQ=="
      },
      "Microsoft.Extensions.Logging": {
        "type": "Transitive",
        "resolved": "10.0.4",
        "contentHash": "S8+6fCuMOhJZGk8sGFtOy3VsF9mk9x4UOL59GM91REiA/fmCDjunKKIw4RmStG87qyXPfxelDJf2pXIbTuaBdw==",
        "dependencies": {
          "Microsoft.Extensions.DependencyInjection": "10.0.4",
          "Microsoft.Extensions.Logging.Abstractions": "10.0.4",
          "Microsoft.Extensions.Options": "10.0.4"
        }
      },
      "Microsoft.Extensions.Logging.Configuration": {
        "type": "Transitive",
        "resolved": "10.0.0",
        "contentHash": "j8zcwhS6bYB6FEfaY3nYSgHdpiL2T+/V3xjpHtslVAegyI1JUbB9yAt/BFdvZdsNbY0Udm4xFtvfT/hUwcOOOg==",
        "dependencies": {
          "Microsoft.Extensions.Configuration": "10.0.0",
          "Microsoft.Extensions.Configuration.Abstractions": "10.0.0",
          "Microsoft.Extensions.Configuration.Binder": "10.0.0",
          "Microsoft.Extensions.DependencyInjection.Abstractions": "10.0.0",
          "Microsoft.Extensions.Logging": "10.0.0",
          "Microsoft.Extensions.Logging.Abstractions": "10.0.0",
          "Microsoft.Extensions.Options": "10.0.0",
          "Microsoft.Extensions.Options.ConfigurationExtensions": "10.0.0"
        }
      },
      "Microsoft.Extensions.Logging.Console": {
        "type": "Transitive",
        "resolved": "10.0.0",
        "contentHash": "treWetuksp8LVb09fCJ5zNhNJjyDkqzVm83XxcrlWQnAdXznR140UUXo8PyEPBvFlHhjKhFQZEOP3Sk/ByCvEw==",
        "dependencies": {
          "Microsoft.Extensions.DependencyInjection.Abstractions": "10.0.0",
          "Microsoft.Extensions.Logging": "10.0.0",
          "Microsoft.Extensions.Logging.Abstractions": "10.0.0",
          "Microsoft.Extensions.Logging.Configuration": "10.0.0",
          "Microsoft.Extensions.Options": "10.0.0"
        }
      },
      "Microsoft.Extensions.Logging.Debug": {
        "type": "Transitive",
        "resolved": "10.0.0",
        "contentHash": "A/4vBtVaySLBGj4qluye+KSbeVCCMa6GcTbxf2YgnSDHs9b9105+VojBJ1eJPel8F1ny0JOh+Ci3vgCKn69tNQ==",
        "dependencies": {
          "Microsoft.Extensions.DependencyInjection.Abstractions": "10.0.0",
          "Microsoft.Extensions.Logging": "10.0.0",
          "Microsoft.Extensions.Logging.Abstractions": "10.0.0"
        }
      },
      "Microsoft.Extensions.Logging.EventLog": {
        "type": "Transitive",
        "resolved": "10.0.0",
        "contentHash": "EWda5nSXhzQZr3yJ3+XgIApOek+Hm+txhWCEzWNVPp/OfimL4qmvctgXu87m+S2RXw/AoUP8aLMNicJ2KWblVA==",
        "dependencies": {
          "Microsoft.Extensions.DependencyInjection.Abstractions": "10.0.0",
          "Microsoft.Extensions.Logging": "10.0.0",
          "Microsoft.Extensions.Logging.Abstractions": "10.0.0",
          "Microsoft.Extensions.Options": "10.0.0",
          "System.Diagnostics.EventLog": "10.0.0"
        }
      },
      "Microsoft.Extensions.Logging.EventSource": {
        "type": "Transitive",
        "resolved": "10.0.0",
        "contentHash": "+Qc+kgoJi1w2A/Jm+7h04LcK2JoJkwAxKg7kBakkNRcemTmRGocqPa7rVNVGorTYruFrUS25GwkFNtOECnjhXg==",
        "dependencies": {
          "Microsoft.Extensions.DependencyInjection.Abstractions": "10.0.0",
          "Microsoft.Extensions.Logging": "10.0.0",
          "Microsoft.Extensions.Logging.Abstractions": "10.0.0",
          "Microsoft.Extensions.Options": "10.0.0",
          "Microsoft.Extensions.Primitives": "10.0.0"
        }
      },
      "Microsoft.Extensions.ObjectPool": {
        "type": "Transitive",
        "resolved": "10.0.2",
        "contentHash": "kpCp4m7nwJVBcRKWXYHdVK/W0dkKyyFOjCmKVdO+zKThWvUxP1V+jVEP9FGpqRu4GPl9041SEXu2f+U/l825nQ=="
      },
      "Microsoft.Extensions.Options": {
        "type": "Transitive",
        "resolved": "10.0.12",
        "contentHash": "TDYD33TSRpXKZWlmTXNlj5kCihxatmv2Ec1u6C+bMYLphCS7PoSLE9Pjd/nunDoE7yETk+LLKjVJX78HYtWjpA==",
        "dependencies": {
          "Microsoft.Extensions.DependencyInjection.Abstractions": "10.0.12",
          "Microsoft.Extensions.Primitives": "10.0.12"
        }
      },
      "Microsoft.Extensions.Options.ConfigurationExtensions": {
        "type": "Transitive",
        "resolved": "10.0.0",
        "contentHash": "tL9cSl3maS5FPzp/3MtlZI21ExWhni0nnUCF8HY4npTsINw45n9SNDbkKXBMtFyUFGSsQep25fHIDN4f/Vp3AQ==",
        "dependencies": {
          "Microsoft.Extensions.Configuration.Abstractions": "10.0.0",
          "Microsoft.Extensions.Configuration.Binder": "10.0.0",
          "Microsoft.Extensions.DependencyInjection.Abstractions": "10.0.0",
          "Microsoft.Extensions.Options": "10.0.0",
          "Microsoft.Extensions.Primitives": "10.0.0"
        }
      },
      "Microsoft.Extensions.Primitives": {
        "type": "Transitive",
        "resolved": "10.0.12",
        "contentHash": "dYfCLR52UA+3DL7C4I/pvSaRPkNqxrUAQmbFL2u0zvYKKzqgrFCJl08Df+F1aYc8leu9JvpC9bsURUdpExcBXQ=="
      },
      "Microsoft.VisualStudio.SolutionPersistence": {
        "type": "Transitive",
        "resolved": "1.0.52",
        "contentHash": "oNv2JtYXhpdJrX63nibx1JT3uCESOBQ1LAk7Dtz/sr0+laW0KRM6eKp4CZ3MHDR2siIkKsY8MmUkeP5DKkQQ5w=="
      },
      "Mono.TextTemplating": {
        "type": "Transitive",
        "resolved": "3.0.0",
        "contentHash": "YqueG52R/Xej4VVbKuRIodjiAhV0HR/XVbLbNrJhCZnzjnSjgMJ/dCdV0akQQxavX6hp/LC6rqLGLcXeQYU7XA==",
        "dependencies": {
          "System.CodeDom": "6.0.0"
        }
      },
      "NewId": {
        "type": "Transitive",
        "resolved": "4.0.1",
        "contentHash": "jegBasNndmG21G3BmT51suFDCIz/sLN81j+IxmkZ4iWoaDi8LygeHiyNnYbXz5OQh9nCRJFIx1+PJrlYi1Gc9Q=="
      },
      "Newtonsoft.Json": {
        "type": "Transitive",
        "resolved": "13.0.3",
        "contentHash": "HrC5BXdl00IP9zeV+0Z848QWPAoCr9P3bDEZguI+gkLcBKAOxix/tLEAAHC+UvDNPv4a2d18lOReHMOagPa+zQ=="
      },
      "Polly.Core": {
        "type": "Transitive",
        "resolved": "8.6.5",
        "contentHash": "t+sUVrIwvo7UmsgHGgOG9F0GDZSRIm47u2ylH17Gvcv1q5hNEwgD5GoBlFyc0kh/pebmPyrAgvGsR/65ZBaXlg=="
      },
      "Spectre.Console": {
        "type": "Transitive",
        "resolved": "0.55.0",
        "contentHash": "2TVhUHFsDux0Z+y2Hv4bFsOMuON4SuotEEKkMparFkp5Rm259naaaEQrN4Sv6C1cbsiGKPjfkJDGgUp+hZPjTw==",
        "dependencies": {
          "Spectre.Console.Ansi": "0.55.0"
        }
      },
      "Spectre.Console.Ansi": {
        "type": "Transitive",
        "resolved": "0.55.0",
        "contentHash": "GIfgOvuF8MpU52bprhwtDEtx0gmVIGOepM8bw0lH/TSMD0rg1Xp+5Y53kPG8rFVdcpbNANlhDQ5mEVVPO3/2Tg=="
      },
      "System.CodeDom": {
        "type": "Transitive",
        "resolved": "6.0.0",
        "contentHash": "CPc6tWO1LAer3IzfZufDBRL+UZQcj5uS207NHALQzP84Vp/z6wF0Aa0YZImOQY8iStY0A2zI/e3ihKNPfUm8XA=="
      },
      "System.Composition": {
        "type": "Transitive",
        "resolved": "9.0.0",
        "contentHash": "3Djj70fFTraOarSKmRnmRy/zm4YurICm+kiCtI0dYRqGJnLX6nJ+G3WYuFJ173cAPax/gh96REcbNiVqcrypFQ==",
        "dependencies": {
          "System.Composition.AttributedModel": "9.0.0",
          "System.Composition.Convention": "9.0.0",
          "System.Composition.Hosting": "9.0.0",
          "System.Composition.Runtime": "9.0.0",
          "System.Composition.TypedParts": "9.0.0"
        }
      },
      "System.Composition.AttributedModel": {
        "type": "Transitive",
        "resolved": "9.0.0",
        "contentHash": "iri00l/zIX9g4lHMY+Nz0qV1n40+jFYAmgsaiNn16xvt2RDwlqByNG4wgblagnDYxm3YSQQ0jLlC/7Xlk9CzyA=="
      },
      "System.Composition.Convention": {
        "type": "Transitive",
        "resolved": "9.0.0",
        "contentHash": "+vuqVP6xpi582XIjJi6OCsIxuoTZfR0M7WWufk3uGDeCl3wGW6KnpylUJ3iiXdPByPE0vR5TjJgR6hDLez4FQg==",
        "dependencies": {
          "System.Composition.AttributedModel": "9.0.0"
        }
      },
      "System.Composition.Hosting": {
        "type": "Transitive",
        "resolved": "9.0.0",
        "contentHash": "OFqSeFeJYr7kHxDfaViGM1ymk7d4JxK//VSoNF9Ux0gpqkLsauDZpu89kTHHNdCWfSljbFcvAafGyBoY094btQ==",
        "dependencies": {
          "System.Composition.Runtime": "9.0.0"
        }
      },
      "System.Composition.Runtime": {
        "type": "Transitive",
        "resolved": "9.0.0",
        "contentHash": "w1HOlQY1zsOWYussjFGZCEYF2UZXgvoYnS94NIu2CBnAGMbXFAX8PY8c92KwUItPmowal68jnVLBCzdrWLeEKA=="
      },
      "System.Composition.TypedParts": {
        "type": "Transitive",
        "resolved": "9.0.0",
        "contentHash": "aRZlojCCGEHDKqh43jaDgaVpYETsgd7Nx4g1zwLKMtv4iTo0627715ajEFNpEEBTgLmvZuv8K0EVxc3sM4NWJA==",
        "dependencies": {
          "System.Composition.AttributedModel": "9.0.0",
          "System.Composition.Hosting": "9.0.0",
          "System.Composition.Runtime": "9.0.0"
        }
      },
      "System.Diagnostics.EventLog": {
        "type": "Transitive",
        "resolved": "10.0.0",
        "contentHash": "uaFRda9NjtbJRkdx311eXlAA3n2em7223c1A8d1VWyl+4FL9vkG7y2lpPfBU9HYdj/9KgdRNdn1vFK8ZYCYT/A=="
      },
      "Weasel.Core": {
        "type": "Transitive",
        "resolved": "9.35.1",
        "contentHash": "pXqK4KX4lwIOZj/blwK7K8o3cV6ISpuRyOWaH7p/jCQJ5Kp5c1r2Bfg3iXMx1aGuzL+H0ccj4OV8u0Rs14FbnQ==",
        "dependencies": {
          "JasperFx": "2.74.0"
        }
      },
      "Weasel.EntityFrameworkCore": {
        "type": "Transitive",
        "resolved": "9.35.1",
        "contentHash": "t6VwZtDR3rNSk0RIDiN7jsjJXmxFzP2Y3Wg7RAw44AiXNLwlAwhB2/vnXWwBaF7Lgu5rEpk/T4y5o5CWaEaaOg==",
        "dependencies": {
          "Microsoft.EntityFrameworkCore.Relational": "10.0.0",
          "Weasel.Core": "9.35.1"
        }
      },
      "WolverineFx.RDBMS": {
        "type": "Transitive",
        "resolved": "6.41.0",
        "contentHash": "SqFQxv2aq7zR9L3bOis4HFZMOW8dP2JNtqnx7dBU+ygL3Im6mJPj+NjqSzRKnNjNrshhmXjwSNNc4PHbx9tjOA==",
        "dependencies": {
          "Weasel.Core": "9.35.1",
          "WolverineFx": "6.41.0"
        }
      },
      "netcommerce.kernel.application": {
        "type": "Project",
        "dependencies": {
          "NetCommerce.Kernel.Core": "[1.0.0, )"
        }
      },
      "netcommerce.kernel.compliance": {
        "type": "Project",
        "dependencies": {
          "NetCommerce.Kernel.Application": "[1.0.0, )",
          "NetCommerce.Kernel.Core": "[1.0.0, )"
        }
      },
      "netcommerce.kernel.core": {
        "type": "Project"
      },
      "Microsoft.CodeAnalysis.Analyzers": {
        "type": "CentralTransitive",
        "requested": "[4.14.0, )",
        "resolved": "3.11.0",
        "contentHash": "v/EW3UE8/lbEYHoC2Qq7AR/DnmvpgdtAMndfQNmpuIMx/Mto8L5JnuCfdBYtgvalQOtfNCnxFejxuRrryvUTsg=="
      },
      "Microsoft.CodeAnalysis.CSharp": {
        "type": "CentralTransitive",
        "requested": "[4.14.0, )",
        "resolved": "5.0.0",
        "contentHash": "5DSyJ9bk+ATuDy7fp2Zt0mJStDVKbBoiz1DyfAwSa+k4H4IwykAUcV3URelw5b8/iVbfSaOwkwmPUZH6opZKCw==",
        "dependencies": {
          "Microsoft.CodeAnalysis.Analyzers": "3.11.0",
          "Microsoft.CodeAnalysis.Common": "[5.0.0]"
        }
      },
      "Microsoft.EntityFrameworkCore": {
        "type": "CentralTransitive",
        "requested": "[10.0.12, )",
        "resolved": "10.0.4",
        "contentHash": "kzTsfFK2GCytp6DDTfQOmxPU4gbGdrIlP7PxrxF3ESNLtfXrC8BoUVZENBN2WORlZPAD7CVX6AYIglgkpXQooA==",
        "dependencies": {
          "Microsoft.EntityFrameworkCore.Abstractions": "10.0.4",
          "Microsoft.EntityFrameworkCore.Analyzers": "10.0.4",
          "Microsoft.Extensions.Caching.Memory": "10.0.4",
          "Microsoft.Extensions.Logging": "10.0.4"
        }
      },
      "Microsoft.EntityFrameworkCore.Relational": {
        "type": "CentralTransitive",
        "requested": "[10.0.12, )",
        "resolved": "10.0.4",
        "contentHash": "DOTjTHy93W3TwpMLM4SCm0n57Sc0Jj3+m2S6LSTstKyBB34eT1UouaMS19mpWwvtj42+sRiEjA3+rOTNoNzXFQ==",
        "dependencies": {
          "Microsoft.EntityFrameworkCore": "10.0.4",
          "Microsoft.Extensions.Caching.Memory": "10.0.4",
          "Microsoft.Extensions.Configuration.Abstractions": "10.0.4",
          "Microsoft.Extensions.Logging": "10.0.4"
        }
      },
      "Microsoft.Extensions.Configuration.Abstractions": {
        "type": "CentralTransitive",
        "requested": "[10.0.12, )",
        "resolved": "10.0.12",
        "contentHash": "8xaGcvS/qZ1otoxPQCEJkNva389CVL/plNcvIETZhQTETYdRkYDPEYhUMoAGONo4FU45ufdfE0j29AfWVVj0wA==",
        "dependencies": {
          "Microsoft.Extensions.Primitives": "10.0.12"
        }
      },
      "Microsoft.Extensions.DependencyInjection.Abstractions": {
        "type": "CentralTransitive",
        "requested": "[10.0.12, )",
        "resolved": "10.0.12",
        "contentHash": "9/qymSh7hVDMGTGwrLz8MRp5zRyXy9adGDOs4HwRdnLil3oZGYuWeZjbmHgCQ9BL1qBroVfgUK3U/nb61617Cw=="
      },
      "Microsoft.Extensions.Hosting": {
        "type": "CentralTransitive",
        "requested": "[10.0.12, )",
        "resolved": "10.0.0",
        "contentHash": "yKJiVdXkSfe9foojGpBRbuDPQI8YD71IO/aE8ehGjRHE0VkEF/YWkW6StthwuFF146pc2lypZrpk/Tks6Plwhw==",
        "dependencies": {
          "Microsoft.Extensions.Configuration": "10.0.0",
          "Microsoft.Extensions.Configuration.Abstractions": "10.0.0",
          "Microsoft.Extensions.Configuration.Binder": "10.0.0",
          "Microsoft.Extensions.Configuration.CommandLine": "10.0.0",
          "Microsoft.Extensions.Configuration.EnvironmentVariables": "10.0.0",
          "Microsoft.Extensions.Configuration.FileExtensions": "10.0.0",
          "Microsoft.Extensions.Configuration.Json": "10.0.0",
          "Microsoft.Extensions.Configuration.UserSecrets": "10.0.0",
          "Microsoft.Extensions.DependencyInjection": "10.0.0",
          "Microsoft.Extensions.DependencyInjection.Abstractions": "10.0.0",
          "Microsoft.Extensions.Diagnostics": "10.0.0",
          "Microsoft.Extensions.FileProviders.Abstractions": "10.0.0",
          "Microsoft.Extensions.FileProviders.Physical": "10.0.0",
          "Microsoft.Extensions.Hosting.Abstractions": "10.0.0",
          "Microsoft.Extensions.Logging": "10.0.0",
          "Microsoft.Extensions.Logging.Abstractions": "10.0.0",
          "Microsoft.Extensions.Logging.Configuration": "10.0.0",
          "Microsoft.Extensions.Logging.Console": "10.0.0",
          "Microsoft.Extensions.Logging.Debug": "10.0.0",
          "Microsoft.Extensions.Logging.EventLog": "10.0.0",
          "Microsoft.Extensions.Logging.EventSource": "10.0.0",
          "Microsoft.Extensions.Options": "10.0.0"
        }
      },
      "Microsoft.Extensions.Hosting.Abstractions": {
        "type": "CentralTransitive",
        "requested": "[10.0.11, )",
        "resolved": "10.0.12",
        "contentHash": "ZlIxIJtWmrph0Ikj0svSaTkZ+d+ZYpTAhazpf1b3aoFRmlNnNWwkcvqnqT9yKHjKvfBRthvUrkq11OxfItOhpg==",
        "dependencies": {
          "Microsoft.Extensions.Configuration.Abstractions": "10.0.12",
          "Microsoft.Extensions.DependencyInjection.Abstractions": "10.0.12",
          "Microsoft.Extensions.Diagnostics.Abstractions": "10.0.12",
          "Microsoft.Extensions.FileProviders.Abstractions": "10.0.12",
          "Microsoft.Extensions.Logging.Abstractions": "10.0.12"
        }
      }
    }
  }
}